
Microsoft Visual Studio Solution File, Format Version 12.00
# Visual Studio Version 17
VisualStudioVersion = 17.6.33815.320
MinimumVisualStudioVersion = 10.0.40219.1
Project("{FAE04EC0-301F-11D3-BF4B-00C04F79EFBC}") = "OlaSouCSharp", "OlaSouCSharp\OlaSouCSharp.csproj", "{7A12FA1A-9924-42D6-8E1B-4263555F4F5B}"
EndProject
Global
	GlobalSection(SolutionConfigurationPlatforms) = preSolution
		Debug|Any CPU = Debug|Any CPU
		Release|Any CPU = Release|Any CPU
	EndGlobalSection
	GlobalSection(ProjectConfigurationPlatforms) = postSolution
		{7A12FA1A-9924-42D6-8E1B-4263555F4F5B}.Debug|Any CPU.ActiveCfg = Debug|Any CPU
		{7A12FA1A-9924-42D6-8E1B-4263555F4F5B}.Debug|Any CPU.Build.0 = Debug|Any CPU
		{7A12FA1A-9924-42D6-8E1B-4263555F4F5B}.Release|Any CPU.ActiveCfg = Release|Any CPU
		{7A12FA1A-9924-42D6-8E1B-4263555F4F5B}.Release|Any CPU.Build.0 = Release|Any CPU
	EndGlobalSection
	GlobalSection(SolutionProperties) = preSolution
		HideSolutionNode = FALSE
	EndGlobalSection
	GlobalSection(ExtensibilityGlobals) = postSolution
		SolutionGuid = {6D95F0B9-5CBD-4A88-918A-C3ECDD5D1011}
	EndGlobalSection
EndGlobal
